{
    "_meta": {
        "hash": {
            "sha256": "1bc0ede7b3958ce28d4a3a7e001ca4ac75111b35139f1e0d4404b214d689f02f"
        },
        "host-environment-markers": {
            "implementation_name": "cpython",
            "implementation_version": "3.6.6",
            "os_name": "posix",
            "platform_machine": "x86_64",
            "platform_python_implementation": "CPython",
            "platform_release": "4.14.59",
            "platform_system": "Linux",
            "platform_version": "#1-NixOS SMP Sat Jul 28 05:55:45 UTC 2018",
            "python_full_version": "3.6.6",
            "python_version": "3.6",
            "sys_platform": "linux"
        },
        "pipfile-spec": 6,
        "requires": {},
        "sources": [
            {
                "name": "pypi",
                "url": "https://pypi.python.org/simple",
                "verify_ssl": true
            }
        ]
    },
    "default": {},
    "develop": {}
}
